// !$*UTF8*$!
{
	archiveVersion = 1;
	classes = {
	};
	objectVersion = 48;
	objects = {

/* Begin PBXBuildFile section */
		07BDAE831FED47CB00D4F9CC /* AppDelegate.m in Sources */ = {isa = PBXBuildFile; fileRef = 07BDAE821FED47CB00D4F9CC /* AppDelegate.m */; };
		07BDAE861FED47CB00D4F9CC /* ViewController.m in Sources */ = {isa = PBXBuildFile; fileRef = 07BDAE851FED47CB00D4F9CC /* ViewController.m */; };
		07BDAE891FED47CB00D4F9CC /* Main.storyboard in Resources */ = {isa = PBXBuildFile; fileRef = 07BDAE871FED47CB00D4F9CC /* Main.storyboard */; };
		07BDAE8B1FED47CB00D4F9CC /* Assets.xcassets in Resources */ = {isa = PBXBuildFile; fileRef = 07BDAE8A1FED47CB00D4F9CC /* Assets.xcassets */; };
		07BDAE8E1FED47CB00D4F9CC /* LaunchScreen.storyboard in Resources */ = {isa = PBXBuildFile; fileRef = 07BDAE8C1FED47CB00D4F9CC /* LaunchScreen.storyboard */; };
		07BDAE911FED47CB00D4F9CC /* main.m in Sources */ = {isa = PBXBuildFile; fileRef = 07BDAE901FED47CB00D4F9CC /* main.m */; };
/* End PBXBuildFile section */

/* Begin PBXFileReference section */
		07BDAE7E1FED47CB00D4F9CC /* TVAnimationsGestures.app */ = {isa = PBXFileReference; explicitFileType = wrapper.application; includeInIndex = 0; path = TVAnimationsGestures.app; sourceTree = BUILT_PRODUCTS_DIR; };
		07BDAE811FED47CB00D4F9CC /* AppDelegate.h */ = {isa = PBXFileReference; lastKnownFileType = sourcecode.c.h; path = AppDelegate.h; sourceTree = "<group>"; };
		07BDAE821FED47CB00D4F9CC /* AppDelegate.m */ = {isa = PBXFileReference; lastKnownFileType = sourcecode.c.objc; path = AppDelegate.m; sourceTree = "<group>"; };
		07BDAE841FED47CB00D4F9CC /* ViewController.h */ = {isa = PBXFileReference; lastKnownFileType = sourcecode.c.h; path = ViewController.h; sourceTree = "<group>"; };
		07BDAE851FED47CB00D4F9CC /* ViewController.m */ = {isa = PBXFileReference; lastKnownFileType = sourcecode.c.objc; path = ViewController.m; sourceTree = "<group>"; };
		07BDAE881FED47CB00D4F9CC /* Base */ = {isa = PBXFileReference; lastKnownFileType = file.storyboard; name = Base; path = Base.lproj/Main.storyboard; sourceTree = "<group>"; };
		07BDAE8A1FED47CB00D4F9CC /* Assets.xcassets */ = {isa = PBXFileReference; lastKnownFileType = folder.assetcatalog; path = Assets.xcassets; sourceTree = "<group>"; };
		07BDAE8D1FED47CB00D4F9CC /* Base */ = {isa = PBXFileReference; lastKnownFileType = file.storyboard; name = Base; path = Base.lproj/LaunchScreen.storyboard; sourceTree = "<group>"; };
		07BDAE8F1FED47CB00D4F9CC /* Info.plist */ = {isa = PBXFileReference; lastKnownFileType = text.plist.xml; path = Info.plist; sourceTree = "<group>"; };
		07BDAE901FED47CB00D4F9CC /* main.m */ = {isa = PBXFileReference; lastKnownFileType = sourcecode.c.objc; path = main.m; sourceTree = "<group>"; };
/* End PBXFileReference section */

/* Begin PBXFrameworksBuildPhase section */
		07BDAE7B1FED47CB00D4F9CC /* Frameworks */ = {
			isa = PBXFrameworksBuildPhase;
			buildActionMask = 2147483647;
			files = (
			);
			runOnlyForDeploymentPostprocessing = 0;
		};
/* End PBXFrameworksBuildPhase section */

/* Begin PBXGroup section */
		07BDAE751FED47CB00D4F9CC = {
			isa = PBXGroup;
			children = (
				07BDAE801FED47CB00D4F9CC /* TVAnimationsGestures */,
				07BDAE7F1FED47CB00D4F9CC /* Products */,
			);
			sourceTree = "<group>";
		};
		07BDAE7F1FED47CB00D4F9CC /* Products */ = {
			isa = PBXGroup;
			children = (
				07BDAE7E1FED47CB00D4F9CC /* TVAnimationsGestures.app */,
			);
			name = Products;
			sourceTree = "<group>";
		};
		07BDAE801FED47CB00D4F9CC /* TVAnimationsGestures */ = {
			isa = PBXGroup;
			children = (
				07BDAE811FED47CB00D4F9CC /* AppDelegate.h */,
				07BDAE821FED47CB00D4F9CC /* AppDelegate.m */,
				07BDAE841FED47CB00D4F9CC /* ViewController.h */,
				07BDAE851FED47CB00D4F9CC /* ViewController.m */,
				07BDAE871FED47CB00D4F9CC /* Main.storyboard */,
				07BDAE8A1FED47CB00D4F9CC /* Assets.xcassets */,
				07BDAE8C1FED47CB00D4F9CC /* LaunchScreen.storyboard */,
				07BDAE8F1FED47CB00D4F9CC /* Info.plist */,
				07BDAE901FED47CB00D4F9CC /* main.m */,
			);
			path = TVAnimationsGestures;
			sourceTree = "<group>";
		};
/* End PBXGroup section */

/* Begin PBXNativeTarget section */
		07BDAE7D1FED47CB00D4F9CC /* TVAnimationsGestures */ = {
			isa = PBXNativeTarget;
			buildConfigurationList = 07BDAE941FED47CB00D4F9CC /* Build configuration list for PBXNativeTarget "TVAnimationsGestures" */;
			buildPhases = (
				07BDAE7A1FED47CB00D4F9CC /* Sources */,
				07BDAE7B1FED47CB00D4F9CC /* Frameworks */,
				07BDAE7C1FED47CB00D4F9CC /* Resources */,
			);
			buildRules = (
			);
			dependencies = (
			);
			name = TVAnimationsGestures;
			productName = TVAnimationsGestures;
			productReference = 07BDAE7E1FED47CB00D4F9CC /* TVAnimationsGestures.app */;
			productType = "com.apple.product-type.application";
		};
/* End PBXNativeTarget section */

/* Begin PBXProject section */
		07BDAE761FED47CB00D4F9CC /* Project object */ = {
			isa = PBXProject;
			attributes = {
				LastUpgradeCheck = 0920;
				ORGANIZATIONNAME = ChenBing;
				TargetAttributes = {
					07BDAE7D1FED47CB00D4F9CC = {
						CreatedOnToolsVersion = 9.2;
						ProvisioningStyle = Automatic;
					};
				};
			};
			buildConfigurationList = 07BDAE791FED47CB00D4F9CC /* Build configuration list for PBXProject "TVAnimationsGestures" */;
			compatibilityVersion = "Xcode 8.0";
			developmentRegion = en;
			hasScannedForEncodings = 0;
			knownRegions = (
				en,
				Base,
			);
			mainGroup = 07BDAE751FED47CB00D4F9CC;
			productRefGroup = 07BDAE7F1FED47CB00D4F9CC /* Products */;
			projectDirPath = "";
			projectRoot = "";
			targets = (
				07BDAE7D1FED47CB00D4F9CC /* TVAnimationsGestures */,
			);
		};
/* End PBXProject section */

/* Begin PBXResourcesBuildPhase section */
		07BDAE7C1FED47CB00D4F9CC /* Resources */ = {
			isa = PBXResourcesBuildPhase;
			buildActionMask = 2147483647;
			files = (
				07BDAE8E1FED47CB00D4F9CC /* LaunchScreen.storyboard in Resources */,
				07BDAE8B1FED47CB00D4F9CC /* Assets.xcassets in Resources */,
				07BDAE891FED47CB00D4F9CC /* Main.storyboard in Resources */,
			);
			runOnlyForDeploymentPostprocessing = 0;
		};
/* End PBXResourcesBuildPhase section */

/* Begin PBXSourcesBuildPhase section */
		07BDAE7A1FED47CB00D4F9CC /* Sources */ = {
			isa = PBXSourcesBuildPhase;
			buildActionMask = 2147483647;
			files = (
				07BDAE861FED47CB00D4F9CC /* ViewController.m in Sources */,
				07BDAE911FED47CB00D4F9CC /* main.m in Sources */,
				07BDAE831FED47CB00D4F9CC /* AppDelegate.m in Sources */,
			);
			runOnlyForDeploymentPostprocessing = 0;
		};
/* End PBXSourcesBuildPhase section */

/* Begin PBXVariantGroup section */
		07BDAE871FED47CB00D4F9CC /* Main.storyboard */ = {
			isa = PBXVariantGroup;
			children = (
				07BDAE881FED47CB00D4F9CC /* Base */,
			);
			name = Main.storyboard;
			sourceTree = "<group>";
		};
		07BDAE8C1FED47CB00D4F9CC /* LaunchScreen.storyboard */ = {
			isa = PBXVariantGroup;
			children = (
				07BDAE8D1FED47CB00D4F9CC /* Base */,
			);
			name = LaunchScreen.storyboard;
			sourceTree = "<group>";
		};
/* End PBXVariantGroup section */

/* Begin XCBuildConfiguration section */
		07BDAE921FED47CB00D4F9CC /* Debug */ = {
			isa = XCBuildConfiguration;
			buildSettings = {
				ALWAYS_SEARCH_USER_PATHS = NO;
				CLANG_ANALYZER_NONNULL = YES;
				CLANG_ANALYZER_NUMBER_OBJECT_CONVERSION = YES_AGGRESSIVE;
				CLANG_CXX_LANGUAGE_STANDARD = "gnu++14";
				CLANG_CXX_LIBRARY = "libc++";
				CLANG_ENABLE_MODULES = YES;
				CLANG_ENABLE_OBJC_ARC = YES;
				CLANG_WARN_BLOCK_CAPTURE_AUTORELEASING = YES;
				CLANG_WARN_BOOL_CONVERSION = YES;
				CLANG_WARN_COMMA = YES;
				CLANG_WARN_CONSTANT_CONVERSION = YES;
				CLANG_WARN_DIRECT_OBJC_ISA_USAGE = YES_ERROR;
				CLANG_WARN_DOCUMENTATION_COMMENTS = YES;
				CLANG_WARN_EMPTY_BODY = YES;
				CLANG_WARN_ENUM_CONVERSION = YES;
				CLANG_WARN_INFINITE_RECURSION = YES;
				CLANG_WARN_INT_CONVERSION = YES;
				CLANG_WARN_NON_LITERAL_NULL_CONVERSION = YES;
				CLANG_WARN_OBJC_LITERAL_CONVERSION = YES;
				CLANG_WARN_OBJC_ROOT_CLASS = YES_ERROR;
				CLANG_WARN_RANGE_LOOP_ANALYSIS = YES;
				CLANG_WARN_STRICT_PROTOTYPES = YES;
				CLANG_WARN_SUSPICIOUS_MOVE = YES;
				CLANG_WARN_UNGUARDED_AVAILABILITY = YES_AGGRESSIVE;
				CLANG_WARN_UNREACHABLE_CODE = YES;
				CLANG_WARN__DUPLICATE_METHOD_MATCH = YES;
				CODE_SIGN_IDENTITY = "iPhone Developer";
				COPY_PHASE_STRIP = NO;
				DEBUG_INFORMATION_FORMAT = dwarf;
				ENABLE_STRICT_OBJC_MSGSEND = YES;
				ENABLE_TESTABILITY = YES;
				GCC_C_LANGUAGE_STANDARD = gnu11;
				GCC_DYNAMIC_NO_PIC = NO;
				GCC_NO_COMMON_BLOCKS = YES;
				GCC_OPTIMIZATION_LEVEL = 0;
				GCC_PREPROCESSOR_DEFINITIONS = (
					"DEBUG=1",
					"$(inherited)",
				);
				GCC_WARN_64_TO_32_BIT_CONVERSION = YES;
				GCC_WARN_ABOUT_RETURN_TYPE = YES_ERROR;
				GCC_WARN_UNDECLARED_SELECTOR = YES;
				GCC_WARN_UNINITIALIZED_AUTOS = YES_AGGRESSIVE;
				GCC_WARN_UNUSED_FUNCTION = YES;
				GCC_WARN_UNUSED_VARIABLE = YES;
				IPHONEOS_DEPLOYMENT_TARGET = 11.2;
				MTL_ENABLE_DEBUG_INFO = YES;
				ONLY_ACTIVE_ARCH = YES;
				SDKROOT = iphoneos;
			};
			name = Debug;
		};
		07BDAE931FED47CB00D4F9CC /* Release */ = {
			isa = XCBuildConfiguration;
			buildSettings = {
				ALWAYS_SEARCH_USER_PATHS = NO;
				CLANG_ANALYZER_NONNULL = YES;
				CLANG_ANALYZER_NUMBER_OBJECT_CONVERSION = YES_AGGRESSIVE;
				CLANG_CXX_LANGUAGE_STANDARD = "gnu++14";
				CLANG_CXX_LIBRARY = "libc++";
				CLANG_ENABLE_MODULES = YES;
				CLANG_ENABLE_OBJC_ARC = YES;
				CLANG_WARN_BLOCK_CAPTURE_AUTORELEASING = YES;
				CLANG_WARN_BOOL_CONVERSION = YES;
				CLANG_WARN_COMMA = YES;
				CLANG_WARN_CONSTANT_CONVERSION = YES;
				CLANG_WARN_DIRECT_OBJC_ISA_USAGE = YES_ERROR;
				CLANG_WARN_DOCUMENTATION_COMMENTS = YES;
				CLANG_WARN_EMPTY_BODY = YES;
				CLANG_WARN_ENUM_CONVERSION = YES;
				CLANG_WARN_INFINITE_RECURSION = YES;
				CLANG_WARN_INT_CONVERSION = YES;
				CLANG_WARN_NON_LITERAL_NULL_CONVERSION = YES;
				CLANG_WARN_OBJC_LITERAL_CONVERSION = YES;
				CLANG_WARN_OBJC_ROOT_CLASS = YES_ERROR;
				CLANG_WARN_RANGE_LOOP_ANALYSIS = YES;
				CLANG_WARN_STRICT_PROTOTYPES = YES;
				CLANG_WARN_SUSPICIOUS_MOVE = YES;
				CLANG_WARN_UNGUARDED_AVAILABILITY = YES_AGGRESSIVE;
				CLANG_WARN_UNREACHABLE_CODE = YES;
				CLANG_WARN__DUPLICATE_METHOD_MATCH = YES;
				CODE_SIGN_IDENTITY = "iPhone Developer";
				COPY_PHASE_STRIP = NO;
				DEBUG_INFORMATION_FORMAT = "dwarf-with-dsym";
				ENABLE_NS_ASSERTIONS = NO;
				ENABLE_STRICT_OBJC_MSGSEND = YES;
				GCC_C_LANGUAGE_STANDARD = gnu11;
				GCC_NO_COMMON_BLOCKS = YES;
				GCC_WARN_64_TO_32_BIT_CONVERSION = YES;
				GCC_WARN_ABOUT_RETURN_TYPE = YES_ERROR;
				GCC_WARN_UNDECLARED_SELECTOR = YES;
				GCC_WARN_UNINITIALIZED_AUTOS = YES_AGGRESSIVE;
				GCC_WARN_UNUSED_FUNCTION = YES;
				GCC_WARN_UNUSED_VARIABLE = YES;
				IPHONEOS_DEPLOYMENT_TARGET = 11.2;
				MTL_ENABLE_DEBUG_INFO = NO;
				SDKROOT = iphoneos;
				VALIDATE_PRODUCT = YES;
			};
			name = Release;
		};
		07BDAE951FED47CB00D4F9CC /* Debug */ = {
			isa = XCBuildConfiguration;
			buildSettings = {
				ASSETCATALOG_COMPILER_APPICON_NAME = AppIcon;
				CODE_SIGN_STYLE = Automatic;
				INFOPLIST_FILE = TVAnimationsGestures/Info.plist;
				LD_RUNPATH_SEARCH_PATHS = "$(inherited) @executable_path/Frameworks";
				PRODUCT_BUNDLE_IDENTIFIER = com.chenbing.TVAnimationsGestures;
				PRODUCT_NAME = "$(TARGET_NAME)";
				TARGETED_DEVICE_FAMILY = "1,2";
			};
			name = Debug;
		};
		07BDAE961FED47CB00D4F9CC /* Release */ = {
			isa = XCBuildConfiguration;
			buildSettings = {
				ASSETCATALOG_COMPILER_APPICON_NAME = AppIcon;
				CODE_SIGN_STYLE = Automatic;
				INFOPLIST_FILE = TVAnimationsGestures/Info.plist;
				LD_RUNPATH_SEARCH_PATHS = "$(inherited) @executable_path/Frameworks";
				PRODUCT_BUNDLE_IDENTIFIER = com.chenbing.TVAnimationsGestures;
				PRODUCT_NAME = "$(TARGET_NAME)";
				TARGETED_DEVICE_FAMILY = "1,2";
			};
			name = Release;
		};
/* End XCBuildConfiguration section */

/* Begin XCConfigurationList section */
		07BDAE791FED47CB00D4F9CC /* Build configuration list for PBXProject "TVAnimationsGestures" */ = {
			isa = XCConfigurationList;
			buildConfigurations = (
				07BDAE921FED47CB00D4F9CC /* Debug */,
				07BDAE931FED47CB00D4F9CC /* Release */,
			);
			defaultConfigurationIsVisible = 0;
			defaultConfigurationName = Release;
		};
		07BDAE941FED47CB00D4F9CC /* Build configuration list for PBXNativeTarget "TVAnimationsGestures" */ = {
			isa = XCConfigurationList;
			buildConfigurations = (
				07BDAE951FED47CB00D4F9CC /* Debug */,
				07BDAE961FED47CB00D4F9CC /* Release */,
			);
			defaultConfigurationIsVisible = 0;
			defaultConfigurationName = Release;
		};
/* End XCConfigurationList section */
	};
	rootObject = 07BDAE761FED47CB00D4F9CC /* Project object */;
}
